
Microsoft Visual Studio Solution File, Format Version 12.00
# Visual Studio 15
VisualStudioVersion = 15.0.28010.2050
MinimumVisualStudioVersion = 10.0.40219.1
Project("{FAE04EC0-301F-11D3-BF4B-00C04F79EFBC}") = "ShopEcommerce", "ShopEcommerce\ShopEcommerce.csproj", "{8454CD66-3251-4ED6-8233-9B509B4F8447}"
EndProject
Global
	GlobalSection(SolutionConfigurationPlatforms) = preSolution
		Debug|Any CPU = Debug|Any CPU
		Release|Any CPU = Release|Any CPU
	EndGlobalSection
	GlobalSection(ProjectConfigurationPlatforms) = postSolution
		{8454CD66-3251-4ED6-8233-9B509B4F8447}.Debug|Any CPU.ActiveCfg = Debug|Any CPU
		{8454CD66-3251-4ED6-8233-9B509B4F8447}.Debug|Any CPU.Build.0 = Debug|Any CPU
		{8454CD66-3251-4ED6-8233-9B509B4F8447}.Release|Any CPU.ActiveCfg = Release|Any CPU
		{8454CD66-3251-4ED6-8233-9B509B4F8447}.Release|Any CPU.Build.0 = Release|Any CPU
	EndGlobalSection
	GlobalSection(SolutionProperties) = preSolution
		HideSolutionNode = FALSE
	EndGlobalSection
	GlobalSection(ExtensibilityGlobals) = postSolution
		SolutionGuid = {38DE969B-A77A-4A29-8F23-29E8647115A5}
	EndGlobalSection
EndGlobal
